
Microsoft Visual Studio Solution File, Format Version 12.00
# Visual Studio 15
VisualStudioVersion = 15.0.28307.852
MinimumVisualStudioVersion = 10.0.40219.1
Project("{8BC9CEB8-8B4A-11D0-8D11-00A0C91BC942}") = "Analizador-Sintactico", "Analizador-Sintactico\Analizador-Sintactico.vcxproj", "{26EEE362-3132-4EF1-9481-7CE7AF929B3C}"
EndProject
Global
	GlobalSection(SolutionConfigurationPlatforms) = preSolution
		Debug|x64 = Debug|x64
		Debug|x86 = Debug|x86
		Release|x64 = Release|x64
		Release|x86 = Release|x86
	EndGlobalSection
	GlobalSection(ProjectConfigurationPlatforms) = postSolution
		{26EEE362-3132-4EF1-9481-7CE7AF929B3C}.Debug|x64.ActiveCfg = Debug|x64
		{26EEE362-3132-4EF1-9481-7CE7AF929B3C}.Debug|x64.Build.0 = Debug|x64
		{26EEE362-3132-4EF1-9481-7CE7AF929B3C}.Debug|x86.ActiveCfg = Debug|Win32
		{26EEE362-3132-4EF1-9481-7CE7AF929B3C}.Debug|x86.Build.0 = Debug|Win32
		{26EEE362-3132-4EF1-9481-7CE7AF929B3C}.Release|x64.ActiveCfg = Release|x64
		{26EEE362-3132-4EF1-9481-7CE7AF929B3C}.Release|x64.Build.0 = Release|x64
		{26EEE362-3132-4EF1-9481-7CE7AF929B3C}.Release|x86.ActiveCfg = Release|Win32
		{26EEE362-3132-4EF1-9481-7CE7AF929B3C}.Release|x86.Build.0 = Release|Win32
	EndGlobalSection
	GlobalSection(SolutionProperties) = preSolution
		HideSolutionNode = FALSE
	EndGlobalSection
	GlobalSection(ExtensibilityGlobals) = postSolution
		SolutionGuid = {6B01CE05-DA7B-4156-BDE5-71462DD72392}
	EndGlobalSection
EndGlobal
